
Microsoft Visual Studio Solution File, Format Version 12.00
# Visual Studio 14
VisualStudioVersion = 14.0.25420.1
MinimumVisualStudioVersion = 10.0.40219.1
Project("{FAE04EC0-301F-11D3-BF4B-00C04F79EFBC}") = "ASPDotNetSampleDemo", "ASPDotNetSampleDemo\ASPDotNetSampleDemo.csproj", "{AB2B9117-0951-4FFF-A733-D76464905480}"
EndProject
Project("{2150E333-8FDC-42A3-9474-1A3956D46DE8}") = "AngularDemo", "AngularDemo", "{C515AFC5-9944-424F-B1C2-D54A0F5AD187}"
EndProject
Project("{2150E333-8FDC-42A3-9474-1A3956D46DE8}") = "ASPDotNetDemo", "ASPDotNetDemo", "{DFA99F94-5B02-49E4-A41E-A59A639F12E1}"
EndProject
Project("{2150E333-8FDC-42A3-9474-1A3956D46DE8}") = "MVCDemo", "MVCDemo", "{00C5104F-A206-4F83-B198-96717E2FAB77}"
EndProject
Project("{2150E333-8FDC-42A3-9474-1A3956D46DE8}") = "ServicesDemo", "ServicesDemo", "{C72592F1-23E4-4D70-BB34-C0ACE75F900E}"
EndProject
Project("{FAE04EC0-301F-11D3-BF4B-00C04F79EFBC}") = "ASPDotNetSampleDemo.Tests", "ASPDotNetSampleDemo.Tests\ASPDotNetSampleDemo.Tests.csproj", "{2177D025-23CB-49B9-8D88-B7128B289E0F}"
EndProject
Global
	GlobalSection(SolutionConfigurationPlatforms) = preSolution
		Debug|Any CPU = Debug|Any CPU
		Release|Any CPU = Release|Any CPU
	EndGlobalSection
	GlobalSection(ProjectConfigurationPlatforms) = postSolution
		{AB2B9117-0951-4FFF-A733-D76464905480}.Debug|Any CPU.ActiveCfg = Debug|Any CPU
		{AB2B9117-0951-4FFF-A733-D76464905480}.Debug|Any CPU.Build.0 = Debug|Any CPU
		{AB2B9117-0951-4FFF-A733-D76464905480}.Release|Any CPU.ActiveCfg = Release|Any CPU
		{AB2B9117-0951-4FFF-A733-D76464905480}.Release|Any CPU.Build.0 = Release|Any CPU
		{2177D025-23CB-49B9-8D88-B7128B289E0F}.Debug|Any CPU.ActiveCfg = Debug|Any CPU
		{2177D025-23CB-49B9-8D88-B7128B289E0F}.Debug|Any CPU.Build.0 = Debug|Any CPU
		{2177D025-23CB-49B9-8D88-B7128B289E0F}.Release|Any CPU.ActiveCfg = Release|Any CPU
		{2177D025-23CB-49B9-8D88-B7128B289E0F}.Release|Any CPU.Build.0 = Release|Any CPU
	EndGlobalSection
	GlobalSection(SolutionProperties) = preSolution
		HideSolutionNode = FALSE
	EndGlobalSection
	GlobalSection(NestedProjects) = preSolution
		{AB2B9117-0951-4FFF-A733-D76464905480} = {DFA99F94-5B02-49E4-A41E-A59A639F12E1}
		{2177D025-23CB-49B9-8D88-B7128B289E0F} = {DFA99F94-5B02-49E4-A41E-A59A639F12E1}
	EndGlobalSection
EndGlobal
