
Microsoft Visual Studio Solution File, Format Version 12.00
# Visual Studio 15
VisualStudioVersion = 15.0.26430.16
MinimumVisualStudioVersion = 10.0.40219.1
Project("{2150E333-8FDC-42A3-9474-1A3956D46DE8}") = "ASP.NetDemo", "ASP.NetDemo", "{B019EE98-EC0B-43C2-AEE0-7E68E0AC4BA2}"
EndProject
Project("{2150E333-8FDC-42A3-9474-1A3956D46DE8}") = "MVCDemo", "MVCDemo", "{0639EDD1-CFE0-47C1-8EEF-EA409676C14B}"
EndProject
Project("{2150E333-8FDC-42A3-9474-1A3956D46DE8}") = "AngularDemo", "AngularDemo", "{7CED1A33-3813-4C26-A5A4-042890580D9D}"
EndProject
Project("{2150E333-8FDC-42A3-9474-1A3956D46DE8}") = "ServicesDemo", "ServicesDemo", "{5DB965CA-2C0B-4E9D-BCE1-5855B9E1F0D7}"
EndProject
Project("{FAE04EC0-301F-11D3-BF4B-00C04F79EFBC}") = "ASP.NetSampleDemo", "ASP.NetSampleDemo\ASP.NetSampleDemo.csproj", "{5E20E272-E801-4913-A21B-B2B4DF2DB2A3}"
EndProject
Project("{FAE04EC0-301F-11D3-BF4B-00C04F79EFBC}") = "ASP.NetSampleDemo.Tests", "ASP.NetSampleDemo.Tests\ASP.NetSampleDemo.Tests.csproj", "{C752CCE5-E2F7-4DAC-93BC-656BB3295AC4}"
EndProject
Global
	GlobalSection(SolutionConfigurationPlatforms) = preSolution
		Debug|Any CPU = Debug|Any CPU
		Release|Any CPU = Release|Any CPU
	EndGlobalSection
	GlobalSection(ProjectConfigurationPlatforms) = postSolution
		{5E20E272-E801-4913-A21B-B2B4DF2DB2A3}.Debug|Any CPU.ActiveCfg = Debug|Any CPU
		{5E20E272-E801-4913-A21B-B2B4DF2DB2A3}.Debug|Any CPU.Build.0 = Debug|Any CPU
		{5E20E272-E801-4913-A21B-B2B4DF2DB2A3}.Release|Any CPU.ActiveCfg = Release|Any CPU
		{5E20E272-E801-4913-A21B-B2B4DF2DB2A3}.Release|Any CPU.Build.0 = Release|Any CPU
		{C752CCE5-E2F7-4DAC-93BC-656BB3295AC4}.Debug|Any CPU.ActiveCfg = Debug|Any CPU
		{C752CCE5-E2F7-4DAC-93BC-656BB3295AC4}.Debug|Any CPU.Build.0 = Debug|Any CPU
		{C752CCE5-E2F7-4DAC-93BC-656BB3295AC4}.Release|Any CPU.ActiveCfg = Release|Any CPU
		{C752CCE5-E2F7-4DAC-93BC-656BB3295AC4}.Release|Any CPU.Build.0 = Release|Any CPU
	EndGlobalSection
	GlobalSection(SolutionProperties) = preSolution
		HideSolutionNode = FALSE
	EndGlobalSection
	GlobalSection(NestedProjects) = preSolution
		{5E20E272-E801-4913-A21B-B2B4DF2DB2A3} = {B019EE98-EC0B-43C2-AEE0-7E68E0AC4BA2}
		{C752CCE5-E2F7-4DAC-93BC-656BB3295AC4} = {B019EE98-EC0B-43C2-AEE0-7E68E0AC4BA2}
	EndGlobalSection
EndGlobal
